{
  "nodes": {
    "nixpkgs": {
      "locked": {
        "lastModified": 1693220143,
        "narHash": "sha256-YQERrJF1ZWHgGSfX6PEOZqF6R7g1JtZsUt5feJ/2Rpc=",
        "owner": "nixos",
        "repo": "nixpkgs",
        "rev": "c7e51b136c465c31a8938b376fde559da0f39788",
        "type": "github"
      },
      "original": {
        "owner": "nixos",
        "repo": "nixpkgs",
        "type": "github"
      }
    },
    "root": {
      "inputs": {
        "nixpkgs": "nixpkgs"
      }
    }
  },
  "root": "root",
  "version": 7
}